
Microsoft Visual Studio Solution File, Format Version 12.00
# Visual Studio Version 16
VisualStudioVersion = 16.0.30104.148
MinimumVisualStudioVersion = 10.0.40219.1
Project("{FAE04EC0-301F-11D3-BF4B-00C04F79EFBC}") = "EmployeeDatabase", "EmployeeDatabase.csproj", "{43F47F58-C393-4974-807B-15FE35017CE3}"
EndProject
Global
	GlobalSection(SolutionConfigurationPlatforms) = preSolution
		Debug|Any CPU = Debug|Any CPU
		Release|Any CPU = Release|Any CPU
	EndGlobalSection
	GlobalSection(ProjectConfigurationPlatforms) = postSolution
		{43F47F58-C393-4974-807B-15FE35017CE3}.Debug|Any CPU.ActiveCfg = Debug|Any CPU
		{43F47F58-C393-4974-807B-15FE35017CE3}.Debug|Any CPU.Build.0 = Debug|Any CPU
		{43F47F58-C393-4974-807B-15FE35017CE3}.Release|Any CPU.ActiveCfg = Release|Any CPU
		{43F47F58-C393-4974-807B-15FE35017CE3}.Release|Any CPU.Build.0 = Release|Any CPU
	EndGlobalSection
	GlobalSection(SolutionProperties) = preSolution
		HideSolutionNode = FALSE
	EndGlobalSection
	GlobalSection(ExtensibilityGlobals) = postSolution
		SolutionGuid = {8C516AC6-9C37-474F-9FD9-A1C38C46031F}
	EndGlobalSection
EndGlobal
